
Microsoft Visual Studio Solution File, Format Version 12.00
# Visual Studio Version 16
VisualStudioVersion = 16.0.32802.440
MinimumVisualStudioVersion = 10.0.40219.1
Project("{FAE04EC0-301F-11D3-BF4B-00C04F79EFBC}") = "AumentoSalario", "AumentoSalario\AumentoSalario.csproj", "{5500A62C-98CD-4B50-87EA-B98AB356976F}"
EndProject
Global
	GlobalSection(SolutionConfigurationPlatforms) = preSolution
		Debug|Any CPU = Debug|Any CPU
		Release|Any CPU = Release|Any CPU
	EndGlobalSection
	GlobalSection(ProjectConfigurationPlatforms) = postSolution
		{5500A62C-98CD-4B50-87EA-B98AB356976F}.Debug|Any CPU.ActiveCfg = Debug|Any CPU
		{5500A62C-98CD-4B50-87EA-B98AB356976F}.Debug|Any CPU.Build.0 = Debug|Any CPU
		{5500A62C-98CD-4B50-87EA-B98AB356976F}.Release|Any CPU.ActiveCfg = Release|Any CPU
		{5500A62C-98CD-4B50-87EA-B98AB356976F}.Release|Any CPU.Build.0 = Release|Any CPU
	EndGlobalSection
	GlobalSection(SolutionProperties) = preSolution
		HideSolutionNode = FALSE
	EndGlobalSection
	GlobalSection(ExtensibilityGlobals) = postSolution
		SolutionGuid = {C4963C49-0497-4AC2-96D0-2CA8D1F00C4C}
	EndGlobalSection
EndGlobal
